
Microsoft Visual Studio Solution File, Format Version 12.00
# Visual Studio Version 17
VisualStudioVersion = 17.10.35013.160
MinimumVisualStudioVersion = 10.0.40219.1
Project("{FAE04EC0-301F-11D3-BF4B-00C04F79EFBC}") = "FoldersComparer", "FoldersComparer\FoldersComparer.csproj", "{8D088F11-E9F2-4591-BAF6-FDCE58FBC50C}"
EndProject
Global
	GlobalSection(SolutionConfigurationPlatforms) = preSolution
		Debug|Any CPU = Debug|Any CPU
		Release|Any CPU = Release|Any CPU
	EndGlobalSection
	GlobalSection(ProjectConfigurationPlatforms) = postSolution
		{8D088F11-E9F2-4591-BAF6-FDCE58FBC50C}.Debug|Any CPU.ActiveCfg = Debug|Any CPU
		{8D088F11-E9F2-4591-BAF6-FDCE58FBC50C}.Debug|Any CPU.Build.0 = Debug|Any CPU
		{8D088F11-E9F2-4591-BAF6-FDCE58FBC50C}.Release|Any CPU.ActiveCfg = Release|Any CPU
		{8D088F11-E9F2-4591-BAF6-FDCE58FBC50C}.Release|Any CPU.Build.0 = Release|Any CPU
	EndGlobalSection
	GlobalSection(SolutionProperties) = preSolution
		HideSolutionNode = FALSE
	EndGlobalSection
	GlobalSection(ExtensibilityGlobals) = postSolution
		SolutionGuid = {638F7804-BA57-439B-BF9D-72E68487CF91}
	EndGlobalSection
EndGlobal
